<Solution>
  <Folder Name="/src/">
    <Project Path="src/HackerNews.Api/HackerNews.Api.csproj" />
    <Project Path="src/HackerNews.Application/HackerNews.Application.csproj" />
    <Project Path="src/HackerNews.Domain/HackerNews.Domain.csproj" />
    <Project Path="src/HackerNews.Infrastructure/HackerNews.Infrastructure.csproj" />
  </Folder>
</Solution>
